{
  "requires": true,
  "lockfileVersion": 1,
  "dependencies": {
    "@ctrl/tinycolor": {
      "version": "3.4.0",
      "resolved": "https://registry.npmmirror.com/@ctrl/tinycolor/download/@ctrl/tinycolor-3.4.0.tgz",
      "integrity": "sha1-w8WuVDyJfKqcKmhjC+01W+X5mQ8="
    },
    "@element-plus/icons-vue": {
      "version": "0.2.4",
      "resolved": "https://registry.npmmirror.com/@element-plus/icons-vue/download/@element-plus/icons-vue-0.2.4.tgz",
      "integrity": "sha512-RsJNyL58rwxtsjeMy34o8txkL6UlME1stWsUlRpTac6UE9Bx9gdJvnDXbIKhOJqBLX17fBjmposdrn6VTqim2w=="
    },
    "@popperjs/core": {
      "version": "2.11.2",
      "resolved": "https://registry.npmmirror.com/@popperjs/core/download/@popperjs/core-2.11.2.tgz",
      "integrity": "sha512-92FRmppjjqz29VMJ2dn+xdyXZBrMlE42AV6Kq6BwjWV7CNUW1hs2FtxSNLQE+gJhaZ6AAmYuO9y8dshhcBl7vA=="
    },
    "@vueuse/core": {
      "version": "7.5.3",
      "resolved": "https://registry.npmmirror.com/@vueuse/core/download/@vueuse/core-7.5.3.tgz",
      "integrity": "sha512-D9j5ymHFMFRXQqCp0yZJkf/bvBGiz0MrKUa364p+L8dMyd5zyq2K1JmHyvoBd4xbTFRfmQ1h878u6YE5LCkDVQ==",
      "requires": {
        "@vueuse/shared": "7.5.3",
        "vue-demi": "*"
      }
    },
    "@vueuse/shared": {
      "version": "7.5.3",
      "resolved": "https://registry.npmmirror.com/@vueuse/shared/download/@vueuse/shared-7.5.3.tgz",
      "integrity": "sha512-BJ71cxHN5VByW1S58Gl85NFJaQu93F7Vs7K/MuAKsIIuHm9PBbkR5Vxkg9ko9cBdiKVt+FNoo13BhdbA+Vwycg==",
      "requires": {
        "vue-demi": "*"
      }
    },
    "async-validator": {
      "version": "4.0.7",
      "resolved": "https://registry.npmmirror.com/async-validator/download/async-validator-4.0.7.tgz?cache=0&sync_timestamp=1634529532378&other_urls=https%3A%2F%2Fregistry.npmmirror.com%2Fasync-validator%2Fdownload%2Fasync-validator-4.0.7.tgz",
      "integrity": "sha1-A0oP0hA6ay6/AQ2nUYO+wpkkev4="
    },
    "dayjs": {
      "version": "1.10.7",
      "resolved": "https://registry.npmmirror.com/dayjs/download/dayjs-1.10.7.tgz",
      "integrity": "sha512-P6twpd70BcPK34K26uJ1KT3wlhpuOAPoMwJzpsIWUxHZ7wpmbdZL/hQqBDfz7hGurYSa5PhzdhDHtt319hL3ig=="
    },
    "element-plus": {
      "version": "1.3.0-beta.5",
      "resolved": "https://registry.npmmirror.com/element-plus/download/element-plus-1.3.0-beta.5.tgz",
      "integrity": "sha512-su0sHN4ZkR5ISyP1McyiqY5wqrgZgKq0El0lSohjvjEWR3ODlgdmMfQolV0ZqTXKlO2mS16hO7nTFwX9PvZNTQ==",
      "requires": {
        "@ctrl/tinycolor": "^3.4.0",
        "@element-plus/icons-vue": "^0.2.4",
        "@popperjs/core": "^2.10.2",
        "@vueuse/core": "^7.3.0",
        "async-validator": "^4.0.7",
        "dayjs": "^1.10.7",
        "lodash": "^4.17.21",
        "memoize-one": "^6.0.0",
        "normalize-wheel-es": "^1.1.1"
      }
    },
    "lodash": {
      "version": "4.17.21",
      "resolved": "https://registry.npmmirror.com/lodash/download/lodash-4.17.21.tgz",
      "integrity": "sha512-v2kDEe57lecTulaDIuNTPy3Ry4gLGJ6Z1O3vE1krgXZNrsQ+LFTGHVxVjcXPs17LhbZVGedAJv8XZ1tvj5FvSg=="
    },
    "memoize-one": {
      "version": "6.0.0",
      "resolved": "https://registry.npmmirror.com/memoize-one/download/memoize-one-6.0.0.tgz",
      "integrity": "sha1-slkbhx7YKUiu5HJ9xqvO7qyMEEU="
    },
    "normalize-wheel-es": {
      "version": "1.1.1",
      "resolved": "https://registry.npmmirror.com/normalize-wheel-es/download/normalize-wheel-es-1.1.1.tgz?cache=0&sync_timestamp=1635733875007&other_urls=https%3A%2F%2Fregistry.npmmirror.com%2Fnormalize-wheel-es%2Fdownload%2Fnormalize-wheel-es-1.1.1.tgz",
      "integrity": "sha1-qAlttqVvlDMtiE/Y6+2ojy/HlWk="
    },
    "vue-demi": {
      "version": "0.12.1",
      "resolved": "https://registry.npmmirror.com/vue-demi/download/vue-demi-0.12.1.tgz?cache=0&sync_timestamp=1637503140635&other_urls=https%3A%2F%2Fregistry.npmmirror.com%2Fvue-demi%2Fdownload%2Fvue-demi-0.12.1.tgz",
      "integrity": "sha1-9+GO++z/0RqwadFHLXoG4xm0F0w="
    }
  }
}
